
Microsoft Visual Studio Solution File, Format Version 12.00
# Visual Studio 15
VisualStudioVersion = 15.0.27130.2024
MinimumVisualStudioVersion = 10.0.40219.1
Project("{FAE04EC0-301F-11D3-BF4B-00C04F79EFBC}") = "HT.APPStore.Android", "HT.APPStore\HT.APPStore.Android\HT.APPStore.Android.csproj", "{FF06722B-52F4-42FE-B7BA-5B11E33DEF8E}"
EndProject
Project("{FAE04EC0-301F-11D3-BF4B-00C04F79EFBC}") = "HT.APPStore.iOS", "HT.APPStore\HT.APPStore.iOS\HT.APPStore.iOS.csproj", "{D4521988-6B77-4163-9BC1-86494C791B12}"
EndProject
Project("{FAE04EC0-301F-11D3-BF4B-00C04F79EFBC}") = "HT.APPStore.UWP", "HT.APPStore\HT.APPStore.UWP\HT.APPStore.UWP.csproj", "{C41EC9CC-7D77-4D43-9B77-0E2EE591D857}"
EndProject
Project("{9A19103F-16F7-4668-BE54-9A1E7A4F7556}") = "HT.APPStore", "HT.APPStore\HT.APPStore\HT.APPStore.csproj", "{6E03927C-AFDC-45FD-9649-028BCC20A4BF}"
EndProject
Global
	GlobalSection(SolutionConfigurationPlatforms) = preSolution
		Ad-Hoc|Any CPU = Ad-Hoc|Any CPU
		Ad-Hoc|ARM = Ad-Hoc|ARM
		Ad-Hoc|iPhone = Ad-Hoc|iPhone
		Ad-Hoc|iPhoneSimulator = Ad-Hoc|iPhoneSimulator
		Ad-Hoc|x64 = Ad-Hoc|x64
		Ad-Hoc|x86 = Ad-Hoc|x86
		AppStore|Any CPU = AppStore|Any CPU
		AppStore|ARM = AppStore|ARM
		AppStore|iPhone = AppStore|iPhone
		AppStore|iPhoneSimulator = AppStore|iPhoneSimulator
		AppStore|x64 = AppStore|x64
		AppStore|x86 = AppStore|x86
		Debug|Any CPU = Debug|Any CPU
		Debug|ARM = Debug|ARM
		Debug|iPhone = Debug|iPhone
		Debug|iPhoneSimulator = Debug|iPhoneSimulator
		Debug|x64 = Debug|x64
		Debug|x86 = Debug|x86
		Release|Any CPU = Release|Any CPU
		Release|ARM = Release|ARM
		Release|iPhone = Release|iPhone
		Release|iPhoneSimulator = Release|iPhoneSimulator
		Release|x64 = Release|x64
		Release|x86 = Release|x86
	EndGlobalSection
	GlobalSection(ProjectConfigurationPlatforms) = postSolution
		{FF06722B-52F4-42FE-B7BA-5B11E33DEF8E}.Ad-Hoc|Any CPU.ActiveCfg = Release|Any CPU
		{FF06722B-52F4-42FE-B7BA-5B11E33DEF8E}.Ad-Hoc|Any CPU.Build.0 = Release|Any CPU
		{FF06722B-52F4-42FE-B7BA-5B11E33DEF8E}.Ad-Hoc|Any CPU.Deploy.0 = Release|Any CPU
		{FF06722B-52F4-42FE-B7BA-5B11E33DEF8E}.Ad-Hoc|ARM.ActiveCfg = Release|Any CPU
		{FF06722B-52F4-42FE-B7BA-5B11E33DEF8E}.Ad-Hoc|ARM.Build.0 = Release|Any CPU
		{FF06722B-52F4-42FE-B7BA-5B11E33DEF8E}.Ad-Hoc|ARM.Deploy.0 = Release|Any CPU
		{FF06722B-52F4-42FE-B7BA-5B11E33DEF8E}.Ad-Hoc|iPhone.ActiveCfg = Release|Any CPU
		{FF06722B-52F4-42FE-B7BA-5B11E33DEF8E}.Ad-Hoc|iPhone.Build.0 = Release|Any CPU
		{FF06722B-52F4-42FE-B7BA-5B11E33DEF8E}.Ad-Hoc|iPhone.Deploy.0 = Release|Any CPU
		{FF06722B-52F4-42FE-B7BA-5B11E33DEF8E}.Ad-Hoc|iPhoneSimulator.ActiveCfg = Release|Any CPU
		{FF06722B-52F4-42FE-B7BA-5B11E33DEF8E}.Ad-Hoc|iPhoneSimulator.Build.0 = Release|Any CPU
		{FF06722B-52F4-42FE-B7BA-5B11E33DEF8E}.Ad-Hoc|iPhoneSimulator.Deploy.0 = Release|Any CPU
		{FF06722B-52F4-42FE-B7BA-5B11E33DEF8E}.Ad-Hoc|x64.ActiveCfg = Release|Any CPU
		{FF06722B-52F4-42FE-B7BA-5B11E33DEF8E}.Ad-Hoc|x64.Build.0 = Release|Any CPU
		{FF06722B-52F4-42FE-B7BA-5B11E33DEF8E}.Ad-Hoc|x64.Deploy.0 = Release|Any CPU
		{FF06722B-52F4-42FE-B7BA-5B11E33DEF8E}.Ad-Hoc|x86.ActiveCfg = Release|Any CPU
		{FF06722B-52F4-42FE-B7BA-5B11E33DEF8E}.Ad-Hoc|x86.Build.0 = Release|Any CPU
		{FF06722B-52F4-42FE-B7BA-5B11E33DEF8E}.Ad-Hoc|x86.Deploy.0 = Release|Any CPU
		{FF06722B-52F4-42FE-B7BA-5B11E33DEF8E}.AppStore|Any CPU.ActiveCfg = Release|Any CPU
		{FF06722B-52F4-42FE-B7BA-5B11E33DEF8E}.AppStore|Any CPU.Build.0 = Release|Any CPU
		{FF06722B-52F4-42FE-B7BA-5B11E33DEF8E}.AppStore|Any CPU.Deploy.0 = Release|Any CPU
		{FF06722B-52F4-42FE-B7BA-5B11E33DEF8E}.AppStore|ARM.ActiveCfg = Release|Any CPU
		{FF06722B-52F4-42FE-B7BA-5B11E33DEF8E}.AppStore|ARM.Build.0 = Release|Any CPU
		{FF06722B-52F4-42FE-B7BA-5B11E33DEF8E}.AppStore|ARM.Deploy.0 = Release|Any CPU
		{FF06722B-52F4-42FE-B7BA-5B11E33DEF8E}.AppStore|iPhone.ActiveCfg = Release|Any CPU
		{FF06722B-52F4-42FE-B7BA-5B11E33DEF8E}.AppStore|iPhone.Build.0 = Release|Any CPU
		{FF06722B-52F4-42FE-B7BA-5B11E33DEF8E}.AppStore|iPhone.Deploy.0 = Release|Any CPU
		{FF06722B-52F4-42FE-B7BA-5B11E33DEF8E}.AppStore|iPhoneSimulator.ActiveCfg = Release|Any CPU
		{FF06722B-52F4-42FE-B7BA-5B11E33DEF8E}.AppStore|iPhoneSimulator.Build.0 = Release|Any CPU
		{FF06722B-52F4-42FE-B7BA-5B11E33DEF8E}.AppStore|iPhoneSimulator.Deploy.0 = Release|Any CPU
		{FF06722B-52F4-42FE-B7BA-5B11E33DEF8E}.AppStore|x64.ActiveCfg = Release|Any CPU
		{FF06722B-52F4-42FE-B7BA-5B11E33DEF8E}.AppStore|x64.Build.0 = Release|Any CPU
		{FF06722B-52F4-42FE-B7BA-5B11E33DEF8E}.AppStore|x64.Deploy.0 = Release|Any CPU
		{FF06722B-52F4-42FE-B7BA-5B11E33DEF8E}.AppStore|x86.ActiveCfg = Release|Any CPU
		{FF06722B-52F4-42FE-B7BA-5B11E33DEF8E}.AppStore|x86.Build.0 = Release|Any CPU
		{FF06722B-52F4-42FE-B7BA-5B11E33DEF8E}.AppStore|x86.Deploy.0 = Release|Any CPU
		{FF06722B-52F4-42FE-B7BA-5B11E33DEF8E}.Debug|Any CPU.ActiveCfg = Debug|Any CPU
		{FF06722B-52F4-42FE-B7BA-5B11E33DEF8E}.Debug|Any CPU.Build.0 = Debug|Any CPU
		{FF06722B-52F4-42FE-B7BA-5B11E33DEF8E}.Debug|Any CPU.Deploy.0 = Debug|Any CPU
		{FF06722B-52F4-42FE-B7BA-5B11E33DEF8E}.Debug|ARM.ActiveCfg = Debug|Any CPU
		{FF06722B-52F4-42FE-B7BA-5B11E33DEF8E}.Debug|ARM.Build.0 = Debug|Any CPU
		{FF06722B-52F4-42FE-B7BA-5B11E33DEF8E}.Debug|ARM.Deploy.0 = Debug|Any CPU
		{FF06722B-52F4-42FE-B7BA-5B11E33DEF8E}.Debug|iPhone.ActiveCfg = Debug|Any CPU
		{FF06722B-52F4-42FE-B7BA-5B11E33DEF8E}.Debug|iPhone.Build.0 = Debug|Any CPU
		{FF06722B-52F4-42FE-B7BA-5B11E33DEF8E}.Debug|iPhone.Deploy.0 = Debug|Any CPU
		{FF06722B-52F4-42FE-B7BA-5B11E33DEF8E}.Debug|iPhoneSimulator.ActiveCfg = Debug|Any CPU
		{FF06722B-52F4-42FE-B7BA-5B11E33DEF8E}.Debug|iPhoneSimulator.Build.0 = Debug|Any CPU
		{FF06722B-52F4-42FE-B7BA-5B11E33DEF8E}.Debug|iPhoneSimulator.Deploy.0 = Debug|Any CPU
		{FF06722B-52F4-42FE-B7BA-5B11E33DEF8E}.Debug|x64.ActiveCfg = Debug|Any CPU
		{FF06722B-52F4-42FE-B7BA-5B11E33DEF8E}.Debug|x64.Build.0 = Debug|Any CPU
		{FF06722B-52F4-42FE-B7BA-5B11E33DEF8E}.Debug|x64.Deploy.0 = Debug|Any CPU
		{FF06722B-52F4-42FE-B7BA-5B11E33DEF8E}.Debug|x86.ActiveCfg = Debug|Any CPU
		{FF06722B-52F4-42FE-B7BA-5B11E33DEF8E}.Debug|x86.Build.0 = Debug|Any CPU
		{FF06722B-52F4-42FE-B7BA-5B11E33DEF8E}.Debug|x86.Deploy.0 = Debug|Any CPU
		{FF06722B-52F4-42FE-B7BA-5B11E33DEF8E}.Release|Any CPU.ActiveCfg = Release|Any CPU
		{FF06722B-52F4-42FE-B7BA-5B11E33DEF8E}.Release|Any CPU.Build.0 = Release|Any CPU
		{FF06722B-52F4-42FE-B7BA-5B11E33DEF8E}.Release|Any CPU.Deploy.0 = Release|Any CPU
		{FF06722B-52F4-42FE-B7BA-5B11E33DEF8E}.Release|ARM.ActiveCfg = Release|Any CPU
		{FF06722B-52F4-42FE-B7BA-5B11E33DEF8E}.Release|ARM.Build.0 = Release|Any CPU
		{FF06722B-52F4-42FE-B7BA-5B11E33DEF8E}.Release|ARM.Deploy.0 = Release|Any CPU
		{FF06722B-52F4-42FE-B7BA-5B11E33DEF8E}.Release|iPhone.ActiveCfg = Release|Any CPU
		{FF06722B-52F4-42FE-B7BA-5B11E33DEF8E}.Release|iPhone.Build.0 = Release|Any CPU
		{FF06722B-52F4-42FE-B7BA-5B11E33DEF8E}.Release|iPhone.Deploy.0 = Release|Any CPU
		{FF06722B-52F4-42FE-B7BA-5B11E33DEF8E}.Release|iPhoneSimulator.ActiveCfg = Release|Any CPU
		{FF06722B-52F4-42FE-B7BA-5B11E33DEF8E}.Release|iPhoneSimulator.Build.0 = Release|Any CPU
		{FF06722B-52F4-42FE-B7BA-5B11E33DEF8E}.Release|iPhoneSimulator.Deploy.0 = Release|Any CPU
		{FF06722B-52F4-42FE-B7BA-5B11E33DEF8E}.Release|x64.ActiveCfg = Release|Any CPU
		{FF06722B-52F4-42FE-B7BA-5B11E33DEF8E}.Release|x64.Build.0 = Release|Any CPU
		{FF06722B-52F4-42FE-B7BA-5B11E33DEF8E}.Release|x64.Deploy.0 = Release|Any CPU
		{FF06722B-52F4-42FE-B7BA-5B11E33DEF8E}.Release|x86.ActiveCfg = Release|Any CPU
		{FF06722B-52F4-42FE-B7BA-5B11E33DEF8E}.Release|x86.Build.0 = Release|Any CPU
		{FF06722B-52F4-42FE-B7BA-5B11E33DEF8E}.Release|x86.Deploy.0 = Release|Any CPU
		{D4521988-6B77-4163-9BC1-86494C791B12}.Ad-Hoc|Any CPU.ActiveCfg = Ad-Hoc|iPhone
		{D4521988-6B77-4163-9BC1-86494C791B12}.Ad-Hoc|ARM.ActiveCfg = Ad-Hoc|iPhone
		{D4521988-6B77-4163-9BC1-86494C791B12}.Ad-Hoc|iPhone.ActiveCfg = Ad-Hoc|iPhone
		{D4521988-6B77-4163-9BC1-86494C791B12}.Ad-Hoc|iPhone.Build.0 = Ad-Hoc|iPhone
		{D4521988-6B77-4163-9BC1-86494C791B12}.Ad-Hoc|iPhoneSimulator.ActiveCfg = Ad-Hoc|iPhoneSimulator
		{D4521988-6B77-4163-9BC1-86494C791B12}.Ad-Hoc|iPhoneSimulator.Build.0 = Ad-Hoc|iPhoneSimulator
		{D4521988-6B77-4163-9BC1-86494C791B12}.Ad-Hoc|x64.ActiveCfg = Ad-Hoc|iPhone
		{D4521988-6B77-4163-9BC1-86494C791B12}.Ad-Hoc|x86.ActiveCfg = Ad-Hoc|iPhone
		{D4521988-6B77-4163-9BC1-86494C791B12}.AppStore|Any CPU.ActiveCfg = AppStore|iPhone
		{D4521988-6B77-4163-9BC1-86494C791B12}.AppStore|ARM.ActiveCfg = AppStore|iPhone
		{D4521988-6B77-4163-9BC1-86494C791B12}.AppStore|iPhone.ActiveCfg = AppStore|iPhone
		{D4521988-6B77-4163-9BC1-86494C791B12}.AppStore|iPhone.Build.0 = AppStore|iPhone
		{D4521988-6B77-4163-9BC1-86494C791B12}.AppStore|iPhoneSimulator.ActiveCfg = AppStore|iPhoneSimulator
		{D4521988-6B77-4163-9BC1-86494C791B12}.AppStore|iPhoneSimulator.Build.0 = AppStore|iPhoneSimulator
		{D4521988-6B77-4163-9BC1-86494C791B12}.AppStore|x64.ActiveCfg = AppStore|iPhone
		{D4521988-6B77-4163-9BC1-86494C791B12}.AppStore|x86.ActiveCfg = AppStore|iPhone
		{D4521988-6B77-4163-9BC1-86494C791B12}.Debug|Any CPU.ActiveCfg = Debug|iPhone
		{D4521988-6B77-4163-9BC1-86494C791B12}.Debug|ARM.ActiveCfg = Debug|iPhone
		{D4521988-6B77-4163-9BC1-86494C791B12}.Debug|iPhone.ActiveCfg = Debug|iPhone
		{D4521988-6B77-4163-9BC1-86494C791B12}.Debug|iPhone.Build.0 = Debug|iPhone
		{D4521988-6B77-4163-9BC1-86494C791B12}.Debug|iPhoneSimulator.ActiveCfg = Debug|iPhoneSimulator
		{D4521988-6B77-4163-9BC1-86494C791B12}.Debug|iPhoneSimulator.Build.0 = Debug|iPhoneSimulator
		{D4521988-6B77-4163-9BC1-86494C791B12}.Debug|x64.ActiveCfg = Debug|iPhone
		{D4521988-6B77-4163-9BC1-86494C791B12}.Debug|x86.ActiveCfg = Debug|iPhone
		{D4521988-6B77-4163-9BC1-86494C791B12}.Release|Any CPU.ActiveCfg = Release|iPhone
		{D4521988-6B77-4163-9BC1-86494C791B12}.Release|ARM.ActiveCfg = Release|iPhone
		{D4521988-6B77-4163-9BC1-86494C791B12}.Release|iPhone.ActiveCfg = Release|iPhone
		{D4521988-6B77-4163-9BC1-86494C791B12}.Release|iPhone.Build.0 = Release|iPhone
		{D4521988-6B77-4163-9BC1-86494C791B12}.Release|iPhoneSimulator.ActiveCfg = Release|iPhoneSimulator
		{D4521988-6B77-4163-9BC1-86494C791B12}.Release|iPhoneSimulator.Build.0 = Release|iPhoneSimulator
		{D4521988-6B77-4163-9BC1-86494C791B12}.Release|x64.ActiveCfg = Release|iPhone
		{D4521988-6B77-4163-9BC1-86494C791B12}.Release|x86.ActiveCfg = Release|iPhone
		{C41EC9CC-7D77-4D43-9B77-0E2EE591D857}.Ad-Hoc|Any CPU.ActiveCfg = Release|x86
		{C41EC9CC-7D77-4D43-9B77-0E2EE591D857}.Ad-Hoc|Any CPU.Build.0 = Release|x86
		{C41EC9CC-7D77-4D43-9B77-0E2EE591D857}.Ad-Hoc|Any CPU.Deploy.0 = Release|x86
		{C41EC9CC-7D77-4D43-9B77-0E2EE591D857}.Ad-Hoc|ARM.ActiveCfg = Release|ARM
		{C41EC9CC-7D77-4D43-9B77-0E2EE591D857}.Ad-Hoc|ARM.Build.0 = Release|ARM
		{C41EC9CC-7D77-4D43-9B77-0E2EE591D857}.Ad-Hoc|ARM.Deploy.0 = Release|ARM
		{C41EC9CC-7D77-4D43-9B77-0E2EE591D857}.Ad-Hoc|iPhone.ActiveCfg = Release|x86
		{C41EC9CC-7D77-4D43-9B77-0E2EE591D857}.Ad-Hoc|iPhone.Build.0 = Release|x86
		{C41EC9CC-7D77-4D43-9B77-0E2EE591D857}.Ad-Hoc|iPhone.Deploy.0 = Release|x86
		{C41EC9CC-7D77-4D43-9B77-0E2EE591D857}.Ad-Hoc|iPhoneSimulator.ActiveCfg = Release|x86
		{C41EC9CC-7D77-4D43-9B77-0E2EE591D857}.Ad-Hoc|iPhoneSimulator.Build.0 = Release|x86
		{C41EC9CC-7D77-4D43-9B77-0E2EE591D857}.Ad-Hoc|iPhoneSimulator.Deploy.0 = Release|x86
		{C41EC9CC-7D77-4D43-9B77-0E2EE591D857}.Ad-Hoc|x64.ActiveCfg = Release|x64
		{C41EC9CC-7D77-4D43-9B77-0E2EE591D857}.Ad-Hoc|x64.Build.0 = Release|x64
		{C41EC9CC-7D77-4D43-9B77-0E2EE591D857}.Ad-Hoc|x64.Deploy.0 = Release|x64
		{C41EC9CC-7D77-4D43-9B77-0E2EE591D857}.Ad-Hoc|x86.ActiveCfg = Release|x86
		{C41EC9CC-7D77-4D43-9B77-0E2EE591D857}.Ad-Hoc|x86.Build.0 = Release|x86
		{C41EC9CC-7D77-4D43-9B77-0E2EE591D857}.Ad-Hoc|x86.Deploy.0 = Release|x86
		{C41EC9CC-7D77-4D43-9B77-0E2EE591D857}.AppStore|Any CPU.ActiveCfg = Release|x86
		{C41EC9CC-7D77-4D43-9B77-0E2EE591D857}.AppStore|Any CPU.Build.0 = Release|x86
		{C41EC9CC-7D77-4D43-9B77-0E2EE591D857}.AppStore|Any CPU.Deploy.0 = Release|x86
		{C41EC9CC-7D77-4D43-9B77-0E2EE591D857}.AppStore|ARM.ActiveCfg = Release|ARM
		{C41EC9CC-7D77-4D43-9B77-0E2EE591D857}.AppStore|ARM.Build.0 = Release|ARM
		{C41EC9CC-7D77-4D43-9B77-0E2EE591D857}.AppStore|ARM.Deploy.0 = Release|ARM
		{C41EC9CC-7D77-4D43-9B77-0E2EE591D857}.AppStore|iPhone.ActiveCfg = Release|x86
		{C41EC9CC-7D77-4D43-9B77-0E2EE591D857}.AppStore|iPhone.Build.0 = Release|x86
		{C41EC9CC-7D77-4D43-9B77-0E2EE591D857}.AppStore|iPhone.Deploy.0 = Release|x86
		{C41EC9CC-7D77-4D43-9B77-0E2EE591D857}.AppStore|iPhoneSimulator.ActiveCfg = Release|x86
		{C41EC9CC-7D77-4D43-9B77-0E2EE591D857}.AppStore|iPhoneSimulator.Build.0 = Release|x86
		{C41EC9CC-7D77-4D43-9B77-0E2EE591D857}.AppStore|iPhoneSimulator.Deploy.0 = Release|x86
		{C41EC9CC-7D77-4D43-9B77-0E2EE591D857}.AppStore|x64.ActiveCfg = Release|x64
		{C41EC9CC-7D77-4D43-9B77-0E2EE591D857}.AppStore|x64.Build.0 = Release|x64
		{C41EC9CC-7D77-4D43-9B77-0E2EE591D857}.AppStore|x64.Deploy.0 = Release|x64
		{C41EC9CC-7D77-4D43-9B77-0E2EE591D857}.AppStore|x86.ActiveCfg = Release|x86
		{C41EC9CC-7D77-4D43-9B77-0E2EE591D857}.AppStore|x86.Build.0 = Release|x86
		{C41EC9CC-7D77-4D43-9B77-0E2EE591D857}.AppStore|x86.Deploy.0 = Release|x86
		{C41EC9CC-7D77-4D43-9B77-0E2EE591D857}.Debug|Any CPU.ActiveCfg = Debug|x86
		{C41EC9CC-7D77-4D43-9B77-0E2EE591D857}.Debug|ARM.ActiveCfg = Debug|ARM
		{C41EC9CC-7D77-4D43-9B77-0E2EE591D857}.Debug|ARM.Build.0 = Debug|ARM
		{C41EC9CC-7D77-4D43-9B77-0E2EE591D857}.Debug|ARM.Deploy.0 = Debug|ARM
		{C41EC9CC-7D77-4D43-9B77-0E2EE591D857}.Debug|iPhone.ActiveCfg = Debug|x86
		{C41EC9CC-7D77-4D43-9B77-0E2EE591D857}.Debug|iPhoneSimulator.ActiveCfg = Debug|x86
		{C41EC9CC-7D77-4D43-9B77-0E2EE591D857}.Debug|x64.ActiveCfg = Debug|x64
		{C41EC9CC-7D77-4D43-9B77-0E2EE591D857}.Debug|x64.Build.0 = Debug|x64
		{C41EC9CC-7D77-4D43-9B77-0E2EE591D857}.Debug|x64.Deploy.0 = Debug|x64
		{C41EC9CC-7D77-4D43-9B77-0E2EE591D857}.Debug|x86.ActiveCfg = Debug|x86
		{C41EC9CC-7D77-4D43-9B77-0E2EE591D857}.Debug|x86.Build.0 = Debug|x86
		{C41EC9CC-7D77-4D43-9B77-0E2EE591D857}.Debug|x86.Deploy.0 = Debug|x86
		{C41EC9CC-7D77-4D43-9B77-0E2EE591D857}.Release|Any CPU.ActiveCfg = Release|x86
		{C41EC9CC-7D77-4D43-9B77-0E2EE591D857}.Release|ARM.ActiveCfg = Release|ARM
		{C41EC9CC-7D77-4D43-9B77-0E2EE591D857}.Release|ARM.Build.0 = Release|ARM
		{C41EC9CC-7D77-4D43-9B77-0E2EE591D857}.Release|ARM.Deploy.0 = Release|ARM
		{C41EC9CC-7D77-4D43-9B77-0E2EE591D857}.Release|iPhone.ActiveCfg = Release|x86
		{C41EC9CC-7D77-4D43-9B77-0E2EE591D857}.Release|iPhoneSimulator.ActiveCfg = Release|x86
		{C41EC9CC-7D77-4D43-9B77-0E2EE591D857}.Release|x64.ActiveCfg = Release|x64
		{C41EC9CC-7D77-4D43-9B77-0E2EE591D857}.Release|x64.Build.0 = Release|x64
		{C41EC9CC-7D77-4D43-9B77-0E2EE591D857}.Release|x64.Deploy.0 = Release|x64
		{C41EC9CC-7D77-4D43-9B77-0E2EE591D857}.Release|x86.ActiveCfg = Release|x86
		{C41EC9CC-7D77-4D43-9B77-0E2EE591D857}.Release|x86.Build.0 = Release|x86
		{C41EC9CC-7D77-4D43-9B77-0E2EE591D857}.Release|x86.Deploy.0 = Release|x86
		{6E03927C-AFDC-45FD-9649-028BCC20A4BF}.Ad-Hoc|Any CPU.ActiveCfg = Debug|Any CPU
		{6E03927C-AFDC-45FD-9649-028BCC20A4BF}.Ad-Hoc|Any CPU.Build.0 = Debug|Any CPU
		{6E03927C-AFDC-45FD-9649-028BCC20A4BF}.Ad-Hoc|ARM.ActiveCfg = Debug|Any CPU
		{6E03927C-AFDC-45FD-9649-028BCC20A4BF}.Ad-Hoc|ARM.Build.0 = Debug|Any CPU
		{6E03927C-AFDC-45FD-9649-028BCC20A4BF}.Ad-Hoc|iPhone.ActiveCfg = Debug|Any CPU
		{6E03927C-AFDC-45FD-9649-028BCC20A4BF}.Ad-Hoc|iPhone.Build.0 = Debug|Any CPU
		{6E03927C-AFDC-45FD-9649-028BCC20A4BF}.Ad-Hoc|iPhoneSimulator.ActiveCfg = Debug|Any CPU
		{6E03927C-AFDC-45FD-9649-028BCC20A4BF}.Ad-Hoc|iPhoneSimulator.Build.0 = Debug|Any CPU
		{6E03927C-AFDC-45FD-9649-028BCC20A4BF}.Ad-Hoc|x64.ActiveCfg = Debug|Any CPU
		{6E03927C-AFDC-45FD-9649-028BCC20A4BF}.Ad-Hoc|x64.Build.0 = Debug|Any CPU
		{6E03927C-AFDC-45FD-9649-028BCC20A4BF}.Ad-Hoc|x86.ActiveCfg = Debug|Any CPU
		{6E03927C-AFDC-45FD-9649-028BCC20A4BF}.Ad-Hoc|x86.Build.0 = Debug|Any CPU
		{6E03927C-AFDC-45FD-9649-028BCC20A4BF}.AppStore|Any CPU.ActiveCfg = Debug|Any CPU
		{6E03927C-AFDC-45FD-9649-028BCC20A4BF}.AppStore|Any CPU.Build.0 = Debug|Any CPU
		{6E03927C-AFDC-45FD-9649-028BCC20A4BF}.AppStore|ARM.ActiveCfg = Debug|Any CPU
		{6E03927C-AFDC-45FD-9649-028BCC20A4BF}.AppStore|ARM.Build.0 = Debug|Any CPU
		{6E03927C-AFDC-45FD-9649-028BCC20A4BF}.AppStore|iPhone.ActiveCfg = Debug|Any CPU
		{6E03927C-AFDC-45FD-9649-028BCC20A4BF}.AppStore|iPhone.Build.0 = Debug|Any CPU
		{6E03927C-AFDC-45FD-9649-028BCC20A4BF}.AppStore|iPhoneSimulator.ActiveCfg = Debug|Any CPU
		{6E03927C-AFDC-45FD-9649-028BCC20A4BF}.AppStore|iPhoneSimulator.Build.0 = Debug|Any CPU
		{6E03927C-AFDC-45FD-9649-028BCC20A4BF}.AppStore|x64.ActiveCfg = Debug|Any CPU
		{6E03927C-AFDC-45FD-9649-028BCC20A4BF}.AppStore|x64.Build.0 = Debug|Any CPU
		{6E03927C-AFDC-45FD-9649-028BCC20A4BF}.AppStore|x86.ActiveCfg = Debug|Any CPU
		{6E03927C-AFDC-45FD-9649-028BCC20A4BF}.AppStore|x86.Build.0 = Debug|Any CPU
		{6E03927C-AFDC-45FD-9649-028BCC20A4BF}.Debug|Any CPU.ActiveCfg = Debug|Any CPU
		{6E03927C-AFDC-45FD-9649-028BCC20A4BF}.Debug|Any CPU.Build.0 = Debug|Any CPU
		{6E03927C-AFDC-45FD-9649-028BCC20A4BF}.Debug|ARM.ActiveCfg = Debug|Any CPU
		{6E03927C-AFDC-45FD-9649-028BCC20A4BF}.Debug|ARM.Build.0 = Debug|Any CPU
		{6E03927C-AFDC-45FD-9649-028BCC20A4BF}.Debug|iPhone.ActiveCfg = Debug|Any CPU
		{6E03927C-AFDC-45FD-9649-028BCC20A4BF}.Debug|iPhone.Build.0 = Debug|Any CPU
		{6E03927C-AFDC-45FD-9649-028BCC20A4BF}.Debug|iPhoneSimulator.ActiveCfg = Debug|Any CPU
		{6E03927C-AFDC-45FD-9649-028BCC20A4BF}.Debug|iPhoneSimulator.Build.0 = Debug|Any CPU
		{6E03927C-AFDC-45FD-9649-028BCC20A4BF}.Debug|x64.ActiveCfg = Debug|Any CPU
		{6E03927C-AFDC-45FD-9649-028BCC20A4BF}.Debug|x64.Build.0 = Debug|Any CPU
		{6E03927C-AFDC-45FD-9649-028BCC20A4BF}.Debug|x86.ActiveCfg = Debug|Any CPU
		{6E03927C-AFDC-45FD-9649-028BCC20A4BF}.Debug|x86.Build.0 = Debug|Any CPU
		{6E03927C-AFDC-45FD-9649-028BCC20A4BF}.Release|Any CPU.ActiveCfg = Release|Any CPU
		{6E03927C-AFDC-45FD-9649-028BCC20A4BF}.Release|Any CPU.Build.0 = Release|Any CPU
		{6E03927C-AFDC-45FD-9649-028BCC20A4BF}.Release|ARM.ActiveCfg = Release|Any CPU
		{6E03927C-AFDC-45FD-9649-028BCC20A4BF}.Release|ARM.Build.0 = Release|Any CPU
		{6E03927C-AFDC-45FD-9649-028BCC20A4BF}.Release|iPhone.ActiveCfg = Release|Any CPU
		{6E03927C-AFDC-45FD-9649-028BCC20A4BF}.Release|iPhone.Build.0 = Release|Any CPU
		{6E03927C-AFDC-45FD-9649-028BCC20A4BF}.Release|iPhoneSimulator.ActiveCfg = Release|Any CPU
		{6E03927C-AFDC-45FD-9649-028BCC20A4BF}.Release|iPhoneSimulator.Build.0 = Release|Any CPU
		{6E03927C-AFDC-45FD-9649-028BCC20A4BF}.Release|x64.ActiveCfg = Release|Any CPU
		{6E03927C-AFDC-45FD-9649-028BCC20A4BF}.Release|x64.Build.0 = Release|Any CPU
		{6E03927C-AFDC-45FD-9649-028BCC20A4BF}.Release|x86.ActiveCfg = Release|Any CPU
		{6E03927C-AFDC-45FD-9649-028BCC20A4BF}.Release|x86.Build.0 = Release|Any CPU
	EndGlobalSection
	GlobalSection(SolutionProperties) = preSolution
		HideSolutionNode = FALSE
	EndGlobalSection
	GlobalSection(ExtensibilityGlobals) = postSolution
		SolutionGuid = {07B9A433-6FEA-41F9-9107-A6A50809C0C0}
	EndGlobalSection
EndGlobal
